
Microsoft Visual Studio Solution File, Format Version 12.00
# Visual Studio 2013
VisualStudioVersion = 12.0.31101.0
MinimumVisualStudioVersion = 10.0.40219.1
Project("{2150E333-8FDC-42A3-9474-1A3956D46DE8}") = ".nuget", ".nuget", "{C0FA5A4A-153E-4EE7-9BEE-58D2D7885816}"
	ProjectSection(SolutionItems) = preProject
		.nuget\NuGet.Config = .nuget\NuGet.Config
		.nuget\NuGet.exe = .nuget\NuGet.exe
		.nuget\NuGet.targets = .nuget\NuGet.targets
	EndProjectSection
EndProject
Project("{FAE04EC0-301F-11D3-BF4B-00C04F79EFBC}") = "Dynamic_Reader.Win8", "Dynamic Reader.Win8\Dynamic_Reader.Win8.csproj", "{B7B17979-66A3-4992-9C68-40E4D69A3DE3}"
EndProject
Project("{D954291E-2A0B-460D-934E-DC6B0785DB48}") = "Dynamic_Reader.Shared", "Dynamic_Reader.Shared\Dynamic_Reader.Shared.shproj", "{A1D0F941-625C-41EA-B93D-FEF458A28491}"
EndProject
Project("{FAE04EC0-301F-11D3-BF4B-00C04F79EFBC}") = "Dynamic_Reader.WindowsPhone", "Dynamic_Reader.WindowsPhone\Dynamic_Reader.WindowsPhone.csproj", "{10F3109B-0DDF-4FAD-90F9-7195275B2609}"
EndProject
Global
	GlobalSection(SharedMSBuildProjectFiles) = preSolution
		Dynamic_Reader.Shared\Dynamic_Reader.Shared.projitems*{b7b17979-66a3-4992-9c68-40e4d69a3de3}*SharedItemsImports = 4
		Dynamic_Reader.Shared\Dynamic_Reader.Shared.projitems*{a1d0f941-625c-41ea-b93d-fef458a28491}*SharedItemsImports = 13
		Dynamic_Reader.Shared\Dynamic_Reader.Shared.projitems*{10f3109b-0ddf-4fad-90f9-7195275b2609}*SharedItemsImports = 4
	EndGlobalSection
	GlobalSection(TeamFoundationVersionControl) = preSolution
		SccNumberOfProjects = 5
		SccEnterpriseProvider = {4CA58AB2-18FA-4F8D-95D4-32DDF27D184C}
		SccTeamFoundationServer = https://pazotto.visualstudio.com/defaultcollection
		SccLocalPath0 = .
		SccProjectUniqueName1 = Dynamic\u0020Reader.Win8\\Dynamic_Reader.Win8.csproj
		SccProjectName1 = Dynamic\u0020Reader.Win8
		SccLocalPath1 = Dynamic\u0020Reader.Win8
		SccProjectUniqueName2 = Dynamic_Reader.Shared\\Dynamic_Reader.Shared.shproj
		SccProjectName2 = Dynamic_Reader.Shared
		SccLocalPath2 = Dynamic_Reader.Shared
		SccProjectUniqueName3 = Dynamic_Reader.Shared\\Dynamic_Reader.Shared.projitems
		SccProjectTopLevelParentUniqueName3 = Dynamic_Reader.Shared\\Dynamic_Reader.Shared.shproj
		SccProjectName3 = Dynamic_Reader.Shared
		SccLocalPath3 = Dynamic_Reader.Shared
		SccProjectUniqueName4 = Dynamic_Reader.WindowsPhone\\Dynamic_Reader.WindowsPhone.csproj
		SccProjectName4 = Dynamic_Reader.WindowsPhone
		SccLocalPath4 = Dynamic_Reader.WindowsPhone
	EndGlobalSection
	GlobalSection(SolutionConfigurationPlatforms) = preSolution
		Ad-Hoc|Any CPU = Ad-Hoc|Any CPU
		Ad-Hoc|ARM = Ad-Hoc|ARM
		Ad-Hoc|iPhone = Ad-Hoc|iPhone
		Ad-Hoc|iPhoneSimulator = Ad-Hoc|iPhoneSimulator
		Ad-Hoc|Mixed Platforms = Ad-Hoc|Mixed Platforms
		Ad-Hoc|x64 = Ad-Hoc|x64
		Ad-Hoc|x86 = Ad-Hoc|x86
		AppStore|Any CPU = AppStore|Any CPU
		AppStore|ARM = AppStore|ARM
		AppStore|iPhone = AppStore|iPhone
		AppStore|iPhoneSimulator = AppStore|iPhoneSimulator
		AppStore|Mixed Platforms = AppStore|Mixed Platforms
		AppStore|x64 = AppStore|x64
		AppStore|x86 = AppStore|x86
		Debug_woDrawing|Any CPU = Debug_woDrawing|Any CPU
		Debug_woDrawing|ARM = Debug_woDrawing|ARM
		Debug_woDrawing|iPhone = Debug_woDrawing|iPhone
		Debug_woDrawing|iPhoneSimulator = Debug_woDrawing|iPhoneSimulator
		Debug_woDrawing|Mixed Platforms = Debug_woDrawing|Mixed Platforms
		Debug_woDrawing|x64 = Debug_woDrawing|x64
		Debug_woDrawing|x86 = Debug_woDrawing|x86
		Debug|Any CPU = Debug|Any CPU
		Debug|ARM = Debug|ARM
		Debug|iPhone = Debug|iPhone
		Debug|iPhoneSimulator = Debug|iPhoneSimulator
		Debug|Mixed Platforms = Debug|Mixed Platforms
		Debug|x64 = Debug|x64
		Debug|x86 = Debug|x86
		Release_woDrawing|Any CPU = Release_woDrawing|Any CPU
		Release_woDrawing|ARM = Release_woDrawing|ARM
		Release_woDrawing|iPhone = Release_woDrawing|iPhone
		Release_woDrawing|iPhoneSimulator = Release_woDrawing|iPhoneSimulator
		Release_woDrawing|Mixed Platforms = Release_woDrawing|Mixed Platforms
		Release_woDrawing|x64 = Release_woDrawing|x64
		Release_woDrawing|x86 = Release_woDrawing|x86
		Release|Any CPU = Release|Any CPU
		Release|ARM = Release|ARM
		Release|iPhone = Release|iPhone
		Release|iPhoneSimulator = Release|iPhoneSimulator
		Release|Mixed Platforms = Release|Mixed Platforms
		Release|x64 = Release|x64
		Release|x86 = Release|x86
	EndGlobalSection
	GlobalSection(ProjectConfigurationPlatforms) = postSolution
		{B7B17979-66A3-4992-9C68-40E4D69A3DE3}.Ad-Hoc|Any CPU.ActiveCfg = Debug|Any CPU
		{B7B17979-66A3-4992-9C68-40E4D69A3DE3}.Ad-Hoc|Any CPU.Build.0 = Debug|Any CPU
		{B7B17979-66A3-4992-9C68-40E4D69A3DE3}.Ad-Hoc|Any CPU.Deploy.0 = Debug|Any CPU
		{B7B17979-66A3-4992-9C68-40E4D69A3DE3}.Ad-Hoc|ARM.ActiveCfg = Release|ARM
		{B7B17979-66A3-4992-9C68-40E4D69A3DE3}.Ad-Hoc|ARM.Build.0 = Release|ARM
		{B7B17979-66A3-4992-9C68-40E4D69A3DE3}.Ad-Hoc|ARM.Deploy.0 = Release|ARM
		{B7B17979-66A3-4992-9C68-40E4D69A3DE3}.Ad-Hoc|iPhone.ActiveCfg = Debug|Any CPU
		{B7B17979-66A3-4992-9C68-40E4D69A3DE3}.Ad-Hoc|iPhoneSimulator.ActiveCfg = Debug|Any CPU
		{B7B17979-66A3-4992-9C68-40E4D69A3DE3}.Ad-Hoc|Mixed Platforms.ActiveCfg = Release|x86
		{B7B17979-66A3-4992-9C68-40E4D69A3DE3}.Ad-Hoc|Mixed Platforms.Build.0 = Release|x86
		{B7B17979-66A3-4992-9C68-40E4D69A3DE3}.Ad-Hoc|Mixed Platforms.Deploy.0 = Release|x86
		{B7B17979-66A3-4992-9C68-40E4D69A3DE3}.Ad-Hoc|x64.ActiveCfg = Release|x64
		{B7B17979-66A3-4992-9C68-40E4D69A3DE3}.Ad-Hoc|x64.Build.0 = Release|x64
		{B7B17979-66A3-4992-9C68-40E4D69A3DE3}.Ad-Hoc|x64.Deploy.0 = Release|x64
		{B7B17979-66A3-4992-9C68-40E4D69A3DE3}.Ad-Hoc|x86.ActiveCfg = Release|x86
		{B7B17979-66A3-4992-9C68-40E4D69A3DE3}.Ad-Hoc|x86.Build.0 = Release|x86
		{B7B17979-66A3-4992-9C68-40E4D69A3DE3}.Ad-Hoc|x86.Deploy.0 = Release|x86
		{B7B17979-66A3-4992-9C68-40E4D69A3DE3}.AppStore|Any CPU.ActiveCfg = Debug|Any CPU
		{B7B17979-66A3-4992-9C68-40E4D69A3DE3}.AppStore|Any CPU.Build.0 = Debug|Any CPU
		{B7B17979-66A3-4992-9C68-40E4D69A3DE3}.AppStore|Any CPU.Deploy.0 = Debug|Any CPU
		{B7B17979-66A3-4992-9C68-40E4D69A3DE3}.AppStore|ARM.ActiveCfg = Release|ARM
		{B7B17979-66A3-4992-9C68-40E4D69A3DE3}.AppStore|ARM.Build.0 = Release|ARM
		{B7B17979-66A3-4992-9C68-40E4D69A3DE3}.AppStore|ARM.Deploy.0 = Release|ARM
		{B7B17979-66A3-4992-9C68-40E4D69A3DE3}.AppStore|iPhone.ActiveCfg = Debug|Any CPU
		{B7B17979-66A3-4992-9C68-40E4D69A3DE3}.AppStore|iPhoneSimulator.ActiveCfg = Debug|Any CPU
		{B7B17979-66A3-4992-9C68-40E4D69A3DE3}.AppStore|Mixed Platforms.ActiveCfg = Release|x86
		{B7B17979-66A3-4992-9C68-40E4D69A3DE3}.AppStore|Mixed Platforms.Build.0 = Release|x86
		{B7B17979-66A3-4992-9C68-40E4D69A3DE3}.AppStore|Mixed Platforms.Deploy.0 = Release|x86
		{B7B17979-66A3-4992-9C68-40E4D69A3DE3}.AppStore|x64.ActiveCfg = Release|x64
		{B7B17979-66A3-4992-9C68-40E4D69A3DE3}.AppStore|x64.Build.0 = Release|x64
		{B7B17979-66A3-4992-9C68-40E4D69A3DE3}.AppStore|x64.Deploy.0 = Release|x64
		{B7B17979-66A3-4992-9C68-40E4D69A3DE3}.AppStore|x86.ActiveCfg = Release|x86
		{B7B17979-66A3-4992-9C68-40E4D69A3DE3}.AppStore|x86.Build.0 = Release|x86
		{B7B17979-66A3-4992-9C68-40E4D69A3DE3}.AppStore|x86.Deploy.0 = Release|x86
		{B7B17979-66A3-4992-9C68-40E4D69A3DE3}.Debug_woDrawing|Any CPU.ActiveCfg = Debug|Any CPU
		{B7B17979-66A3-4992-9C68-40E4D69A3DE3}.Debug_woDrawing|Any CPU.Build.0 = Debug|Any CPU
		{B7B17979-66A3-4992-9C68-40E4D69A3DE3}.Debug_woDrawing|Any CPU.Deploy.0 = Debug|Any CPU
		{B7B17979-66A3-4992-9C68-40E4D69A3DE3}.Debug_woDrawing|ARM.ActiveCfg = Debug|ARM
		{B7B17979-66A3-4992-9C68-40E4D69A3DE3}.Debug_woDrawing|ARM.Build.0 = Debug|ARM
		{B7B17979-66A3-4992-9C68-40E4D69A3DE3}.Debug_woDrawing|ARM.Deploy.0 = Debug|ARM
		{B7B17979-66A3-4992-9C68-40E4D69A3DE3}.Debug_woDrawing|iPhone.ActiveCfg = Debug|Any CPU
		{B7B17979-66A3-4992-9C68-40E4D69A3DE3}.Debug_woDrawing|iPhoneSimulator.ActiveCfg = Debug|Any CPU
		{B7B17979-66A3-4992-9C68-40E4D69A3DE3}.Debug_woDrawing|Mixed Platforms.ActiveCfg = Debug|x86
		{B7B17979-66A3-4992-9C68-40E4D69A3DE3}.Debug_woDrawing|Mixed Platforms.Build.0 = Debug|x86
		{B7B17979-66A3-4992-9C68-40E4D69A3DE3}.Debug_woDrawing|Mixed Platforms.Deploy.0 = Debug|x86
		{B7B17979-66A3-4992-9C68-40E4D69A3DE3}.Debug_woDrawing|x64.ActiveCfg = Debug|x64
		{B7B17979-66A3-4992-9C68-40E4D69A3DE3}.Debug_woDrawing|x64.Build.0 = Debug|x64
		{B7B17979-66A3-4992-9C68-40E4D69A3DE3}.Debug_woDrawing|x64.Deploy.0 = Debug|x64
		{B7B17979-66A3-4992-9C68-40E4D69A3DE3}.Debug_woDrawing|x86.ActiveCfg = Debug|x86
		{B7B17979-66A3-4992-9C68-40E4D69A3DE3}.Debug_woDrawing|x86.Build.0 = Debug|x86
		{B7B17979-66A3-4992-9C68-40E4D69A3DE3}.Debug_woDrawing|x86.Deploy.0 = Debug|x86
		{B7B17979-66A3-4992-9C68-40E4D69A3DE3}.Debug|Any CPU.ActiveCfg = Debug|x86
		{B7B17979-66A3-4992-9C68-40E4D69A3DE3}.Debug|Any CPU.Build.0 = Debug|x86
		{B7B17979-66A3-4992-9C68-40E4D69A3DE3}.Debug|Any CPU.Deploy.0 = Debug|x86
		{B7B17979-66A3-4992-9C68-40E4D69A3DE3}.Debug|ARM.ActiveCfg = Debug|ARM
		{B7B17979-66A3-4992-9C68-40E4D69A3DE3}.Debug|ARM.Build.0 = Debug|ARM
		{B7B17979-66A3-4992-9C68-40E4D69A3DE3}.Debug|ARM.Deploy.0 = Debug|ARM
		{B7B17979-66A3-4992-9C68-40E4D69A3DE3}.Debug|iPhone.ActiveCfg = Debug|Any CPU
		{B7B17979-66A3-4992-9C68-40E4D69A3DE3}.Debug|iPhoneSimulator.ActiveCfg = Debug|Any CPU
		{B7B17979-66A3-4992-9C68-40E4D69A3DE3}.Debug|Mixed Platforms.ActiveCfg = Debug|x86
		{B7B17979-66A3-4992-9C68-40E4D69A3DE3}.Debug|Mixed Platforms.Build.0 = Debug|x86
		{B7B17979-66A3-4992-9C68-40E4D69A3DE3}.Debug|Mixed Platforms.Deploy.0 = Debug|x86
		{B7B17979-66A3-4992-9C68-40E4D69A3DE3}.Debug|x64.ActiveCfg = Debug|x64
		{B7B17979-66A3-4992-9C68-40E4D69A3DE3}.Debug|x64.Build.0 = Debug|x64
		{B7B17979-66A3-4992-9C68-40E4D69A3DE3}.Debug|x64.Deploy.0 = Debug|x64
		{B7B17979-66A3-4992-9C68-40E4D69A3DE3}.Debug|x86.ActiveCfg = Debug|x86
		{B7B17979-66A3-4992-9C68-40E4D69A3DE3}.Debug|x86.Build.0 = Debug|x86
		{B7B17979-66A3-4992-9C68-40E4D69A3DE3}.Debug|x86.Deploy.0 = Debug|x86
		{B7B17979-66A3-4992-9C68-40E4D69A3DE3}.Release_woDrawing|Any CPU.ActiveCfg = Release|Any CPU
		{B7B17979-66A3-4992-9C68-40E4D69A3DE3}.Release_woDrawing|Any CPU.Build.0 = Release|Any CPU
		{B7B17979-66A3-4992-9C68-40E4D69A3DE3}.Release_woDrawing|Any CPU.Deploy.0 = Release|Any CPU
		{B7B17979-66A3-4992-9C68-40E4D69A3DE3}.Release_woDrawing|ARM.ActiveCfg = Release|ARM
		{B7B17979-66A3-4992-9C68-40E4D69A3DE3}.Release_woDrawing|ARM.Build.0 = Release|ARM
		{B7B17979-66A3-4992-9C68-40E4D69A3DE3}.Release_woDrawing|ARM.Deploy.0 = Release|ARM
		{B7B17979-66A3-4992-9C68-40E4D69A3DE3}.Release_woDrawing|iPhone.ActiveCfg = Release|Any CPU
		{B7B17979-66A3-4992-9C68-40E4D69A3DE3}.Release_woDrawing|iPhoneSimulator.ActiveCfg = Release|Any CPU
		{B7B17979-66A3-4992-9C68-40E4D69A3DE3}.Release_woDrawing|Mixed Platforms.ActiveCfg = Release|x86
		{B7B17979-66A3-4992-9C68-40E4D69A3DE3}.Release_woDrawing|Mixed Platforms.Build.0 = Release|x86
		{B7B17979-66A3-4992-9C68-40E4D69A3DE3}.Release_woDrawing|Mixed Platforms.Deploy.0 = Release|x86
		{B7B17979-66A3-4992-9C68-40E4D69A3DE3}.Release_woDrawing|x64.ActiveCfg = Release|x64
		{B7B17979-66A3-4992-9C68-40E4D69A3DE3}.Release_woDrawing|x64.Build.0 = Release|x64
		{B7B17979-66A3-4992-9C68-40E4D69A3DE3}.Release_woDrawing|x64.Deploy.0 = Release|x64
		{B7B17979-66A3-4992-9C68-40E4D69A3DE3}.Release_woDrawing|x86.ActiveCfg = Release|x86
		{B7B17979-66A3-4992-9C68-40E4D69A3DE3}.Release_woDrawing|x86.Build.0 = Release|x86
		{B7B17979-66A3-4992-9C68-40E4D69A3DE3}.Release_woDrawing|x86.Deploy.0 = Release|x86
		{B7B17979-66A3-4992-9C68-40E4D69A3DE3}.Release|Any CPU.ActiveCfg = Release|Any CPU
		{B7B17979-66A3-4992-9C68-40E4D69A3DE3}.Release|Any CPU.Build.0 = Release|Any CPU
		{B7B17979-66A3-4992-9C68-40E4D69A3DE3}.Release|Any CPU.Deploy.0 = Release|Any CPU
		{B7B17979-66A3-4992-9C68-40E4D69A3DE3}.Release|ARM.ActiveCfg = Release|ARM
		{B7B17979-66A3-4992-9C68-40E4D69A3DE3}.Release|ARM.Build.0 = Release|ARM
		{B7B17979-66A3-4992-9C68-40E4D69A3DE3}.Release|ARM.Deploy.0 = Release|ARM
		{B7B17979-66A3-4992-9C68-40E4D69A3DE3}.Release|iPhone.ActiveCfg = Release|Any CPU
		{B7B17979-66A3-4992-9C68-40E4D69A3DE3}.Release|iPhoneSimulator.ActiveCfg = Release|Any CPU
		{B7B17979-66A3-4992-9C68-40E4D69A3DE3}.Release|Mixed Platforms.ActiveCfg = Release|x86
		{B7B17979-66A3-4992-9C68-40E4D69A3DE3}.Release|Mixed Platforms.Build.0 = Release|x86
		{B7B17979-66A3-4992-9C68-40E4D69A3DE3}.Release|Mixed Platforms.Deploy.0 = Release|x86
		{B7B17979-66A3-4992-9C68-40E4D69A3DE3}.Release|x64.ActiveCfg = Release|x64
		{B7B17979-66A3-4992-9C68-40E4D69A3DE3}.Release|x64.Build.0 = Release|x64
		{B7B17979-66A3-4992-9C68-40E4D69A3DE3}.Release|x64.Deploy.0 = Release|x64
		{B7B17979-66A3-4992-9C68-40E4D69A3DE3}.Release|x86.ActiveCfg = Release|x86
		{B7B17979-66A3-4992-9C68-40E4D69A3DE3}.Release|x86.Build.0 = Release|x86
		{B7B17979-66A3-4992-9C68-40E4D69A3DE3}.Release|x86.Deploy.0 = Release|x86
		{10F3109B-0DDF-4FAD-90F9-7195275B2609}.Ad-Hoc|Any CPU.ActiveCfg = Release|Any CPU
		{10F3109B-0DDF-4FAD-90F9-7195275B2609}.Ad-Hoc|Any CPU.Build.0 = Release|Any CPU
		{10F3109B-0DDF-4FAD-90F9-7195275B2609}.Ad-Hoc|Any CPU.Deploy.0 = Release|Any CPU
		{10F3109B-0DDF-4FAD-90F9-7195275B2609}.Ad-Hoc|ARM.ActiveCfg = Release|ARM
		{10F3109B-0DDF-4FAD-90F9-7195275B2609}.Ad-Hoc|ARM.Build.0 = Release|ARM
		{10F3109B-0DDF-4FAD-90F9-7195275B2609}.Ad-Hoc|ARM.Deploy.0 = Release|ARM
		{10F3109B-0DDF-4FAD-90F9-7195275B2609}.Ad-Hoc|iPhone.ActiveCfg = Release|Any CPU
		{10F3109B-0DDF-4FAD-90F9-7195275B2609}.Ad-Hoc|iPhoneSimulator.ActiveCfg = Release|Any CPU
		{10F3109B-0DDF-4FAD-90F9-7195275B2609}.Ad-Hoc|Mixed Platforms.ActiveCfg = Release|x86
		{10F3109B-0DDF-4FAD-90F9-7195275B2609}.Ad-Hoc|Mixed Platforms.Build.0 = Release|x86
		{10F3109B-0DDF-4FAD-90F9-7195275B2609}.Ad-Hoc|Mixed Platforms.Deploy.0 = Release|x86
		{10F3109B-0DDF-4FAD-90F9-7195275B2609}.Ad-Hoc|x64.ActiveCfg = Release|Any CPU
		{10F3109B-0DDF-4FAD-90F9-7195275B2609}.Ad-Hoc|x86.ActiveCfg = Release|x86
		{10F3109B-0DDF-4FAD-90F9-7195275B2609}.Ad-Hoc|x86.Build.0 = Release|x86
		{10F3109B-0DDF-4FAD-90F9-7195275B2609}.Ad-Hoc|x86.Deploy.0 = Release|x86
		{10F3109B-0DDF-4FAD-90F9-7195275B2609}.AppStore|Any CPU.ActiveCfg = Release|Any CPU
		{10F3109B-0DDF-4FAD-90F9-7195275B2609}.AppStore|Any CPU.Build.0 = Release|Any CPU
		{10F3109B-0DDF-4FAD-90F9-7195275B2609}.AppStore|Any CPU.Deploy.0 = Release|Any CPU
		{10F3109B-0DDF-4FAD-90F9-7195275B2609}.AppStore|ARM.ActiveCfg = Release|ARM
		{10F3109B-0DDF-4FAD-90F9-7195275B2609}.AppStore|ARM.Build.0 = Release|ARM
		{10F3109B-0DDF-4FAD-90F9-7195275B2609}.AppStore|ARM.Deploy.0 = Release|ARM
		{10F3109B-0DDF-4FAD-90F9-7195275B2609}.AppStore|iPhone.ActiveCfg = Release|Any CPU
		{10F3109B-0DDF-4FAD-90F9-7195275B2609}.AppStore|iPhoneSimulator.ActiveCfg = Release|Any CPU
		{10F3109B-0DDF-4FAD-90F9-7195275B2609}.AppStore|Mixed Platforms.ActiveCfg = Release|x86
		{10F3109B-0DDF-4FAD-90F9-7195275B2609}.AppStore|Mixed Platforms.Build.0 = Release|x86
		{10F3109B-0DDF-4FAD-90F9-7195275B2609}.AppStore|Mixed Platforms.Deploy.0 = Release|x86
		{10F3109B-0DDF-4FAD-90F9-7195275B2609}.AppStore|x64.ActiveCfg = Release|Any CPU
		{10F3109B-0DDF-4FAD-90F9-7195275B2609}.AppStore|x86.ActiveCfg = Release|x86
		{10F3109B-0DDF-4FAD-90F9-7195275B2609}.AppStore|x86.Build.0 = Release|x86
		{10F3109B-0DDF-4FAD-90F9-7195275B2609}.AppStore|x86.Deploy.0 = Release|x86
		{10F3109B-0DDF-4FAD-90F9-7195275B2609}.Debug_woDrawing|Any CPU.ActiveCfg = Debug|Any CPU
		{10F3109B-0DDF-4FAD-90F9-7195275B2609}.Debug_woDrawing|Any CPU.Build.0 = Debug|Any CPU
		{10F3109B-0DDF-4FAD-90F9-7195275B2609}.Debug_woDrawing|Any CPU.Deploy.0 = Debug|Any CPU
		{10F3109B-0DDF-4FAD-90F9-7195275B2609}.Debug_woDrawing|ARM.ActiveCfg = Debug|ARM
		{10F3109B-0DDF-4FAD-90F9-7195275B2609}.Debug_woDrawing|ARM.Build.0 = Debug|ARM
		{10F3109B-0DDF-4FAD-90F9-7195275B2609}.Debug_woDrawing|ARM.Deploy.0 = Debug|ARM
		{10F3109B-0DDF-4FAD-90F9-7195275B2609}.Debug_woDrawing|iPhone.ActiveCfg = Debug|Any CPU
		{10F3109B-0DDF-4FAD-90F9-7195275B2609}.Debug_woDrawing|iPhoneSimulator.ActiveCfg = Debug|Any CPU
		{10F3109B-0DDF-4FAD-90F9-7195275B2609}.Debug_woDrawing|Mixed Platforms.ActiveCfg = Debug|x86
		{10F3109B-0DDF-4FAD-90F9-7195275B2609}.Debug_woDrawing|Mixed Platforms.Build.0 = Debug|x86
		{10F3109B-0DDF-4FAD-90F9-7195275B2609}.Debug_woDrawing|Mixed Platforms.Deploy.0 = Debug|x86
		{10F3109B-0DDF-4FAD-90F9-7195275B2609}.Debug_woDrawing|x64.ActiveCfg = Debug|Any CPU
		{10F3109B-0DDF-4FAD-90F9-7195275B2609}.Debug_woDrawing|x86.ActiveCfg = Debug|x86
		{10F3109B-0DDF-4FAD-90F9-7195275B2609}.Debug_woDrawing|x86.Build.0 = Debug|x86
		{10F3109B-0DDF-4FAD-90F9-7195275B2609}.Debug_woDrawing|x86.Deploy.0 = Debug|x86
		{10F3109B-0DDF-4FAD-90F9-7195275B2609}.Debug|Any CPU.ActiveCfg = Debug|Any CPU
		{10F3109B-0DDF-4FAD-90F9-7195275B2609}.Debug|Any CPU.Build.0 = Debug|Any CPU
		{10F3109B-0DDF-4FAD-90F9-7195275B2609}.Debug|Any CPU.Deploy.0 = Debug|Any CPU
		{10F3109B-0DDF-4FAD-90F9-7195275B2609}.Debug|ARM.ActiveCfg = Debug|ARM
		{10F3109B-0DDF-4FAD-90F9-7195275B2609}.Debug|ARM.Build.0 = Debug|ARM
		{10F3109B-0DDF-4FAD-90F9-7195275B2609}.Debug|ARM.Deploy.0 = Debug|ARM
		{10F3109B-0DDF-4FAD-90F9-7195275B2609}.Debug|iPhone.ActiveCfg = Debug|Any CPU
		{10F3109B-0DDF-4FAD-90F9-7195275B2609}.Debug|iPhoneSimulator.ActiveCfg = Debug|Any CPU
		{10F3109B-0DDF-4FAD-90F9-7195275B2609}.Debug|Mixed Platforms.ActiveCfg = Debug|x86
		{10F3109B-0DDF-4FAD-90F9-7195275B2609}.Debug|Mixed Platforms.Build.0 = Debug|x86
		{10F3109B-0DDF-4FAD-90F9-7195275B2609}.Debug|Mixed Platforms.Deploy.0 = Debug|x86
		{10F3109B-0DDF-4FAD-90F9-7195275B2609}.Debug|x64.ActiveCfg = Debug|Any CPU
		{10F3109B-0DDF-4FAD-90F9-7195275B2609}.Debug|x86.ActiveCfg = Debug|x86
		{10F3109B-0DDF-4FAD-90F9-7195275B2609}.Debug|x86.Build.0 = Debug|x86
		{10F3109B-0DDF-4FAD-90F9-7195275B2609}.Debug|x86.Deploy.0 = Debug|x86
		{10F3109B-0DDF-4FAD-90F9-7195275B2609}.Release_woDrawing|Any CPU.ActiveCfg = Release|Any CPU
		{10F3109B-0DDF-4FAD-90F9-7195275B2609}.Release_woDrawing|Any CPU.Build.0 = Release|Any CPU
		{10F3109B-0DDF-4FAD-90F9-7195275B2609}.Release_woDrawing|Any CPU.Deploy.0 = Release|Any CPU
		{10F3109B-0DDF-4FAD-90F9-7195275B2609}.Release_woDrawing|ARM.ActiveCfg = Release|ARM
		{10F3109B-0DDF-4FAD-90F9-7195275B2609}.Release_woDrawing|ARM.Build.0 = Release|ARM
		{10F3109B-0DDF-4FAD-90F9-7195275B2609}.Release_woDrawing|ARM.Deploy.0 = Release|ARM
		{10F3109B-0DDF-4FAD-90F9-7195275B2609}.Release_woDrawing|iPhone.ActiveCfg = Release|Any CPU
		{10F3109B-0DDF-4FAD-90F9-7195275B2609}.Release_woDrawing|iPhoneSimulator.ActiveCfg = Release|Any CPU
		{10F3109B-0DDF-4FAD-90F9-7195275B2609}.Release_woDrawing|Mixed Platforms.ActiveCfg = Release|x86
		{10F3109B-0DDF-4FAD-90F9-7195275B2609}.Release_woDrawing|Mixed Platforms.Build.0 = Release|x86
		{10F3109B-0DDF-4FAD-90F9-7195275B2609}.Release_woDrawing|Mixed Platforms.Deploy.0 = Release|x86
		{10F3109B-0DDF-4FAD-90F9-7195275B2609}.Release_woDrawing|x64.ActiveCfg = Release|Any CPU
		{10F3109B-0DDF-4FAD-90F9-7195275B2609}.Release_woDrawing|x86.ActiveCfg = Release|x86
		{10F3109B-0DDF-4FAD-90F9-7195275B2609}.Release_woDrawing|x86.Build.0 = Release|x86
		{10F3109B-0DDF-4FAD-90F9-7195275B2609}.Release_woDrawing|x86.Deploy.0 = Release|x86
		{10F3109B-0DDF-4FAD-90F9-7195275B2609}.Release|Any CPU.ActiveCfg = Release|Any CPU
		{10F3109B-0DDF-4FAD-90F9-7195275B2609}.Release|Any CPU.Build.0 = Release|Any CPU
		{10F3109B-0DDF-4FAD-90F9-7195275B2609}.Release|Any CPU.Deploy.0 = Release|Any CPU
		{10F3109B-0DDF-4FAD-90F9-7195275B2609}.Release|ARM.ActiveCfg = Release|ARM
		{10F3109B-0DDF-4FAD-90F9-7195275B2609}.Release|ARM.Build.0 = Release|ARM
		{10F3109B-0DDF-4FAD-90F9-7195275B2609}.Release|ARM.Deploy.0 = Release|ARM
		{10F3109B-0DDF-4FAD-90F9-7195275B2609}.Release|iPhone.ActiveCfg = Release|Any CPU
		{10F3109B-0DDF-4FAD-90F9-7195275B2609}.Release|iPhoneSimulator.ActiveCfg = Release|Any CPU
		{10F3109B-0DDF-4FAD-90F9-7195275B2609}.Release|Mixed Platforms.ActiveCfg = Release|x86
		{10F3109B-0DDF-4FAD-90F9-7195275B2609}.Release|Mixed Platforms.Build.0 = Release|x86
		{10F3109B-0DDF-4FAD-90F9-7195275B2609}.Release|Mixed Platforms.Deploy.0 = Release|x86
		{10F3109B-0DDF-4FAD-90F9-7195275B2609}.Release|x64.ActiveCfg = Release|Any CPU
		{10F3109B-0DDF-4FAD-90F9-7195275B2609}.Release|x86.ActiveCfg = Release|x86
		{10F3109B-0DDF-4FAD-90F9-7195275B2609}.Release|x86.Build.0 = Release|x86
		{10F3109B-0DDF-4FAD-90F9-7195275B2609}.Release|x86.Deploy.0 = Release|x86
	EndGlobalSection
	GlobalSection(SolutionProperties) = preSolution
		HideSolutionNode = FALSE
	EndGlobalSection
	GlobalSection(MonoDevelopProperties) = preSolution
		StartupItem = Dynamic_Reader\Dynamic_Reader.Android\Dynamic_Reader.Android.csproj
	EndGlobalSection
EndGlobal
